<?xml version="1.0" encoding="utf-8"?>
<Project ToolsVersion="4.0" xmlns="http://schemas.microsoft.com/developer/msbuild/2003">
  <ItemGroup>
    <Filter Include="源文件">
      <UniqueIdentifier>{4FC737F1-C7A5-4376-A066-2A32D752A2FF}</UniqueIdentifier>
      <Extensions>cpp;c;cc;cxx;def;odl;idl;hpj;bat;asm;asmx</Extensions>
    </Filter>
    <Filter Include="头文件">
      <UniqueIdentifier>{93995380-89BD-4b04-88EB-625FBE52EBFB}</UniqueIdentifier>
      <Extensions>h;hh;hpp;hxx;hm;inl;inc;ipp;xsd</Extensions>
    </Filter>
    <Filter Include="资源文件">
      <UniqueIdentifier>{67DA6AB6-F800-4c08-8B7A-83BB121AAD01}</UniqueIdentifier>
      <Extensions>rc;ico;cur;bmp;dlg;rc2;rct;bin;rgs;gif;jpg;jpeg;jpe;resx;tiff;tif;png;wav;mfcribbon-ms</Extensions>
    </Filter>
    <Filter Include="pbrt">
      <UniqueIdentifier>{1f2a3cb9-d4a2-4a29-aa1a-31f3fc158014}</UniqueIdentifier>
    </Filter>
    <Filter Include="pbrt\core">
      <UniqueIdentifier>{d9accf7b-a328-4b23-94d7-0a9d9f596e34}</UniqueIdentifier>
    </Filter>
  </ItemGroup>
  <ItemGroup>
    <ClInclude Include="stdafx.h">
      <Filter>头文件</Filter>
    </ClInclude>
    <ClInclude Include="targetver.h">
      <Filter>头文件</Filter>
    </ClInclude>
    <ClInclude Include="Resource.h">
      <Filter>头文件</Filter>
    </ClInclude>
    <ClInclude Include="pbrt-lu.h">
      <Filter>头文件</Filter>
    </ClInclude>
    <ClInclude Include="pbrt\core\geometry.h">
      <Filter>pbrt\core</Filter>
    </ClInclude>
    <ClInclude Include="pbrt\pbrt.h">
      <Filter>pbrt</Filter>
    </ClInclude>
    <ClInclude Include="pbrt\Core\Shape.h">
      <Filter>pbrt\core</Filter>
    </ClInclude>
    <ClInclude Include="pbrt\Core\transform.h">
      <Filter>pbrt\core</Filter>
    </ClInclude>
    <ClInclude Include="pbrt\Core\interaction.h">
      <Filter>pbrt\core</Filter>
    </ClInclude>
    <ClInclude Include="pbrt\Core\medium.h">
      <Filter>pbrt\core</Filter>
    </ClInclude>
  </ItemGroup>
  <ItemGroup>
    <ClCompile Include="stdafx.cpp">
      <Filter>源文件</Filter>
    </ClCompile>
    <ClCompile Include="pbrt-lu.cpp">
      <Filter>源文件</Filter>
    </ClCompile>
    <ClCompile Include="pbrt\core\geometry.cpp">
      <Filter>pbrt\core</Filter>
    </ClCompile>
    <ClCompile Include="pbrt\Core\Shape.cpp">
      <Filter>pbrt\core</Filter>
    </ClCompile>
    <ClCompile Include="pbrt\Core\transform.cpp">
      <Filter>pbrt\core</Filter>
    </ClCompile>
    <ClCompile Include="pbrt\Core\interaction.cpp">
      <Filter>pbrt\core</Filter>
    </ClCompile>
    <ClCompile Include="pbrt\Core\medium.cpp">
      <Filter>pbrt\core</Filter>
    </ClCompile>
  </ItemGroup>
  <ItemGroup>
    <ResourceCompile Include="pbrt-lu.rc">
      <Filter>资源文件</Filter>
    </ResourceCompile>
  </ItemGroup>
  <ItemGroup>
    <Image Include="small.ico">
      <Filter>资源文件</Filter>
    </Image>
    <Image Include="pbrt-lu.ico">
      <Filter>资源文件</Filter>
    </Image>
  </ItemGroup>
</Project>